{
  "name": "habit-app",
  "lockfileVersion": 3,
  "requires": true,
  "packages": {
    "": {
      "name": "habit-app",
      "devDependencies": {
        "prettier": "^3.3.0",
        "turbo": "^2.0.0",
        "typescript": "^5.4.0"
      },
      "engines": {
        "node": ">=20.0.0"
      }
    },
    "node_modules/@turbo/linux-64": {
      "version": "2.9.18",
      "cpu": [
        "x64"
      ],
      "dev": true,
      "license": "MIT",
      "optional": true,
      "os": [
        "linux"
      ]
    },
    "node_modules/prettier": {
      "version": "3.8.4",
      "dev": true,
      "license": "MIT",
      "bin": {
        "prettier": "bin/prettier.cjs"
      },
      "engines": {
        "node": ">=14"
      },
      "funding": {
        "url": "https://github.com/prettier/prettier?sponsor=1"
      }
    },
    "node_modules/turbo": {
      "version": "2.9.18",
      "dev": true,
      "license": "MIT",
      "bin": {
        "turbo": "bin/turbo"
      },
      "optionalDependencies": {
        "@turbo/darwin-64": "2.9.18",
        "@turbo/darwin-arm64": "2.9.18",
        "@turbo/linux-64": "2.9.18",
        "@turbo/linux-arm64": "2.9.18",
        "@turbo/windows-64": "2.9.18",
        "@turbo/windows-arm64": "2.9.18"
      }
    },
    "node_modules/typescript": {
      "version": "5.9.3",
      "dev": true,
      "license": "Apache-2.0",
      "bin": {
        "tsc": "bin/tsc",
        "tsserver": "bin/tsserver"
      },
      "engines": {
        "node": ">=14.17"
      }
    }
  }
}
